
Microsoft Visual Studio Solution File, Format Version 12.00
# Visual Studio 2013
VisualStudioVersion = 12.0.31101.0
MinimumVisualStudioVersion = 10.0.40219.1
Project("{FAE04EC0-301F-11D3-BF4B-00C04F79EFBC}") = "EATeX", "EATeX\EATeX.csproj", "{B3023359-747C-4510-AF35-F851F322CF98}"
EndProject
Project("{2150E333-8FDC-42A3-9474-1A3956D46DE8}") = "Project", "Project", "{75219895-394D-43D2-ADE8-3AE6D3A63AB3}"
	ProjectSection(SolutionItems) = preProject
		..\README.md = ..\README.md
	EndProjectSection
EndProject
Project("{FAE04EC0-301F-11D3-BF4B-00C04F79EFBC}") = "EATeX.Test", "EATeX.Test\EATeX.Test.csproj", "{F5128023-26C4-4545-B82C-CB7F3C036C2A}"
EndProject
Global
	GlobalSection(SolutionConfigurationPlatforms) = preSolution
		Debug|Any CPU = Debug|Any CPU
		Release|Any CPU = Release|Any CPU
	EndGlobalSection
	GlobalSection(ProjectConfigurationPlatforms) = postSolution
		{B3023359-747C-4510-AF35-F851F322CF98}.Debug|Any CPU.ActiveCfg = Debug|Any CPU
		{B3023359-747C-4510-AF35-F851F322CF98}.Debug|Any CPU.Build.0 = Debug|Any CPU
		{B3023359-747C-4510-AF35-F851F322CF98}.Release|Any CPU.ActiveCfg = Release|Any CPU
		{B3023359-747C-4510-AF35-F851F322CF98}.Release|Any CPU.Build.0 = Release|Any CPU
		{F5128023-26C4-4545-B82C-CB7F3C036C2A}.Debug|Any CPU.ActiveCfg = Debug|Any CPU
		{F5128023-26C4-4545-B82C-CB7F3C036C2A}.Debug|Any CPU.Build.0 = Debug|Any CPU
		{F5128023-26C4-4545-B82C-CB7F3C036C2A}.Release|Any CPU.ActiveCfg = Release|Any CPU
		{F5128023-26C4-4545-B82C-CB7F3C036C2A}.Release|Any CPU.Build.0 = Release|Any CPU
	EndGlobalSection
	GlobalSection(SolutionProperties) = preSolution
		HideSolutionNode = FALSE
	EndGlobalSection
EndGlobal
